<?xml version="1.0" encoding="utf-8"?>
<Project ToolsVersion="4.0" xmlns="http://schemas.microsoft.com/developer/msbuild/2003">
  <ItemGroup>
    <Filter Include="Source Files">
      <UniqueIdentifier>{4FC737F1-C7A5-4376-A066-2A32D752A2FF}</UniqueIdentifier>
      <Extensions>cpp;c;cc;cxx;def;odl;idl;hpj;bat;asm;asmx</Extensions>
    </Filter>
    <Filter Include="Header Files">
      <UniqueIdentifier>{93995380-89BD-4b04-88EB-625FBE52EBFB}</UniqueIdentifier>
      <Extensions>h;hh;hpp;hxx;hm;inl;inc;xsd</Extensions>
    </Filter>
    <Filter Include="Shader">
      <UniqueIdentifier>{1f633f1b-bb99-458f-943f-16ec986d8cce}</UniqueIdentifier>
    </Filter>
    <Filter Include="Header Files\Framework">
      <UniqueIdentifier>{a4f1b816-8724-473d-88d7-8ccc537d78fa}</UniqueIdentifier>
    </Filter>
    <Filter Include="Header Files\Framework\Rendering and  Lighting">
      <UniqueIdentifier>{cf0a39a8-635a-4f8c-8bf2-0fd3a95e06e3}</UniqueIdentifier>
    </Filter>
    <Filter Include="Source Files\Framework">
      <UniqueIdentifier>{3f937200-0617-407f-9a62-a1426c37f588}</UniqueIdentifier>
    </Filter>
    <Filter Include="Source Files\Framework\Rendering and  Lighting">
      <UniqueIdentifier>{e063b6fe-11f3-41f6-92b2-845653e9e2ca}</UniqueIdentifier>
    </Filter>
    <Filter Include="Source Files\Camera">
      <UniqueIdentifier>{dabf2fc3-8530-48d5-922a-d61604d75215}</UniqueIdentifier>
    </Filter>
    <Filter Include="Header Files\Camera">
      <UniqueIdentifier>{fb8b4ba9-e866-46dc-9345-aa96e674257f}</UniqueIdentifier>
    </Filter>
    <Filter Include="Source Files\Scenes">
      <UniqueIdentifier>{0e317bb2-2219-4890-8f93-b6be925c678f}</UniqueIdentifier>
    </Filter>
    <Filter Include="Header Files\GameObject">
      <UniqueIdentifier>{89484eb5-fbda-4f68-a4a9-b4780681f024}</UniqueIdentifier>
    </Filter>
    <Filter Include="Header Files\GameObject\Items">
      <UniqueIdentifier>{d3ac2892-7f73-464c-a816-15fa6f2c25cb}</UniqueIdentifier>
    </Filter>
    <Filter Include="Header Files\GameObject\Items\Food">
      <UniqueIdentifier>{a9d8f78d-8ecb-4803-a24e-c9de27bb77df}</UniqueIdentifier>
    </Filter>
    <Filter Include="Header Files\GameObject\Items\Food\Farmables">
      <UniqueIdentifier>{1db3f3b8-0d2e-488c-bd11-57b1597eaf5a}</UniqueIdentifier>
    </Filter>
    <Filter Include="Header Files\GameObject\Items\Food\Craftables">
      <UniqueIdentifier>{279e2969-3e2f-474e-ada5-37e04fb56cda}</UniqueIdentifier>
    </Filter>
    <Filter Include="Header Files\GameObject\Items\Resources">
      <UniqueIdentifier>{a885264f-68a9-44e1-8e23-290874bb4f4f}</UniqueIdentifier>
    </Filter>
    <Filter Include="Header Files\GameObject\Items\Resources\Mining">
      <UniqueIdentifier>{c4256753-a5b5-4371-a3e2-ead41d5bfcde}</UniqueIdentifier>
    </Filter>
    <Filter Include="Header Files\GameObject\Items\Resources\Nature">
      <UniqueIdentifier>{7ba5f785-bbea-4948-8831-2e14625a6721}</UniqueIdentifier>
    </Filter>
    <Filter Include="Header Files\GameObject\Items\Resources\Loot">
      <UniqueIdentifier>{087938cc-0f87-48d2-937a-7177b6743052}</UniqueIdentifier>
    </Filter>
    <Filter Include="Header Files\GameObject\Items\Weapons">
      <UniqueIdentifier>{10a89489-5ad0-4512-a4c0-73f0f10b03d5}</UniqueIdentifier>
    </Filter>
    <Filter Include="Header Files\GameObject\Items\Weapons\Melee">
      <UniqueIdentifier>{d585d4ef-ba80-4f95-822b-c75dd65cfb74}</UniqueIdentifier>
    </Filter>
    <Filter Include="Header Files\GameObject\Items\Weapons\Firearms">
      <UniqueIdentifier>{fb8c9d43-e1bc-477b-b9eb-8daf68c6bb52}</UniqueIdentifier>
    </Filter>
    <Filter Include="Header Files\GameObject\Items\Armour">
      <UniqueIdentifier>{8087213a-700a-4bb5-af3b-d987268a705f}</UniqueIdentifier>
    </Filter>
    <Filter Include="Header Files\GameObject\Enemy">
      <UniqueIdentifier>{3f8fed93-b34b-4a92-aab0-be5dd97edd78}</UniqueIdentifier>
    </Filter>
    <Filter Include="Header Files\GameObject\Buildings">
      <UniqueIdentifier>{05a3f971-0efc-451c-86fb-078d09aa209f}</UniqueIdentifier>
    </Filter>
    <Filter Include="Source Files\GameObject">
      <UniqueIdentifier>{0ab75426-cb75-4874-87ed-ab9233964f7e}</UniqueIdentifier>
    </Filter>
    <Filter Include="Source Files\GameObject\Items">
      <UniqueIdentifier>{24bb8be2-bf85-40d4-b4b6-b6153d7e016c}</UniqueIdentifier>
    </Filter>
    <Filter Include="Source Files\GameObject\Items\Food">
      <UniqueIdentifier>{e5c9a467-42f0-4b4a-9b95-7f329229b217}</UniqueIdentifier>
    </Filter>
    <Filter Include="Source Files\GameObject\Items\Food\Farmables">
      <UniqueIdentifier>{860b7191-eefb-4b6e-a2d4-232e93974c4a}</UniqueIdentifier>
    </Filter>
    <Filter Include="Source Files\GameObject\Items\Food\Craftables">
      <UniqueIdentifier>{8bd553fa-4166-435a-9c19-1da4e55348d4}</UniqueIdentifier>
    </Filter>
    <Filter Include="Source Files\GameObject\Items\Resources">
      <UniqueIdentifier>{98d5f60d-025d-4e37-b933-f249cb05e459}</UniqueIdentifier>
    </Filter>
    <Filter Include="Source Files\GameObject\Items\Resources\Mining">
      <UniqueIdentifier>{cd0e11e5-a5b4-4efb-9ae4-163b3610c472}</UniqueIdentifier>
    </Filter>
    <Filter Include="Source Files\GameObject\Items\Resources\Nature">
      <UniqueIdentifier>{d36f3bf0-bedc-438c-93c0-08caa12a6c81}</UniqueIdentifier>
    </Filter>
    <Filter Include="Source Files\GameObject\Items\Resources\Loot">
      <UniqueIdentifier>{4d8e0310-e3d7-4f4c-94e1-bafc3100d971}</UniqueIdentifier>
    </Filter>
    <Filter Include="Source Files\GameObject\Items\Weapon">
      <UniqueIdentifier>{c42bf257-18d3-4bc5-82e3-1236a1d6cdac}</UniqueIdentifier>
    </Filter>
    <Filter Include="Source Files\GameObject\Items\Weapon\Melee">
      <UniqueIdentifier>{8b613ae9-68f7-4c6c-9e52-edeacacff7c6}</UniqueIdentifier>
    </Filter>
    <Filter Include="Source Files\GameObject\Items\Weapon\Firearms">
      <UniqueIdentifier>{cd8db786-1ebf-4faf-8ab0-cb148e6a4ec2}</UniqueIdentifier>
    </Filter>
    <Filter Include="Source Files\GameObject\Enemy">
      <UniqueIdentifier>{3c75dd97-fcab-407c-a255-68954ae1fb4f}</UniqueIdentifier>
    </Filter>
    <Filter Include="Source Files\GameObject\Player">
      <UniqueIdentifier>{2f53560b-829f-4584-88d6-503c5246a573}</UniqueIdentifier>
    </Filter>
    <Filter Include="Header Files\GameObject\Player">
      <UniqueIdentifier>{ea5d1133-c105-4c3e-bd53-60c5365e3d86}</UniqueIdentifier>
    </Filter>
    <Filter Include="Source Files\Factory">
      <UniqueIdentifier>{d071f17b-9d9f-42c2-af32-1fa6af05877a}</UniqueIdentifier>
    </Filter>
    <Filter Include="Header Files\Factory">
      <UniqueIdentifier>{b0b6c07d-03ae-43e2-a2d4-4b3c9cac5e44}</UniqueIdentifier>
    </Filter>
    <Filter Include="Header Files\GameObject\Enemy\Base">
      <UniqueIdentifier>{ce200181-769b-4c51-a8df-5d5054e96e4a}</UniqueIdentifier>
    </Filter>
    <Filter Include="Header Files\GameObject\Enemy\Forest">
      <UniqueIdentifier>{a3682b03-d720-42a3-a428-b826b3c854d1}</UniqueIdentifier>
    </Filter>
    <Filter Include="Header Files\GameObject\Enemy\Bosses">
      <UniqueIdentifier>{3973f9a7-2ade-4ac7-b5c2-fe694a7a6b46}</UniqueIdentifier>
    </Filter>
    <Filter Include="Header Files\GameObject\Enemy\City">
      <UniqueIdentifier>{8cd6b11e-ac6f-46f2-bb44-edd008495119}</UniqueIdentifier>
    </Filter>
    <Filter Include="Source Files\GameObject\Enemy\City">
      <UniqueIdentifier>{1f15c594-e84b-4071-ab80-21efd241d9e2}</UniqueIdentifier>
    </Filter>
    <Filter Include="Source Files\GameObject\Enemy\Base">
      <UniqueIdentifier>{da4f5ba9-1968-400f-b9cb-e50abb4d600e}</UniqueIdentifier>
    </Filter>
    <Filter Include="Source Files\GameObject\Enemy\Forest">
      <UniqueIdentifier>{e4af8441-3679-43e4-95c8-ca8e6556b322}</UniqueIdentifier>
    </Filter>
    <Filter Include="Source Files\GameObject\Enemy\Bosses">
      <UniqueIdentifier>{8887882c-0304-45f3-a86d-1bf27fca9376}</UniqueIdentifier>
    </Filter>
    <Filter Include="Header Files\GameObject\Ability">
      <UniqueIdentifier>{2a0143e3-a78c-407b-89a5-33c35606ced9}</UniqueIdentifier>
    </Filter>
    <Filter Include="Header Files\Scenes">
      <UniqueIdentifier>{3afe42f8-1d14-4807-b7f6-e1af1b34a26d}</UniqueIdentifier>
    </Filter>
    <Filter Include="Source Files\GameObject\Buildings">
      <UniqueIdentifier>{5ccd9671-3add-4fe0-8cc7-6755b9aca1da}</UniqueIdentifier>
    </Filter>
    <Filter Include="Source Files\GameObject\Abilitiy">
      <UniqueIdentifier>{731495e0-2844-4e88-a9bf-9f292e1b43ea}</UniqueIdentifier>
    </Filter>
  </ItemGroup>
  <ItemGroup>
    <None Include="Shader\SimpleFragmentShader.fragmentshader">
      <Filter>Shader</Filter>
    </None>
    <None Include="Shader\SimpleVertexShader.vertexshader">
      <Filter>Shader</Filter>
    </None>
    <None Include="ClassDiagram.cd" />
  </ItemGroup>
  <ItemGroup>
    <ClCompile Include="Source\Application.cpp">
      <Filter>Source Files\Framework</Filter>
    </ClCompile>
    <ClCompile Include="Source\main.cpp">
      <Filter>Source Files\Framework</Filter>
    </ClCompile>
    <ClCompile Include="Source\SceneManager.cpp">
      <Filter>Source Files\Framework</Filter>
    </ClCompile>
    <ClCompile Include="Source\LoadOBJ.cpp">
      <Filter>Source Files\Framework\Rendering and  Lighting</Filter>
    </ClCompile>
    <ClCompile Include="Source\LoadTGA.cpp">
      <Filter>Source Files\Framework\Rendering and  Lighting</Filter>
    </ClCompile>
    <ClCompile Include="Source\Mesh.cpp">
      <Filter>Source Files\Framework\Rendering and  Lighting</Filter>
    </ClCompile>
    <ClCompile Include="Source\MeshBuilder.cpp">
      <Filter>Source Files\Framework\Rendering and  Lighting</Filter>
    </ClCompile>
    <ClCompile Include="Source\shader.cpp">
      <Filter>Source Files\Framework\Rendering and  Lighting</Filter>
    </ClCompile>
    <ClCompile Include="Source\Utility.cpp">
      <Filter>Source Files\Framework\Rendering and  Lighting</Filter>
    </ClCompile>
    <ClCompile Include="Source\Camera.cpp">
      <Filter>Source Files\Camera</Filter>
    </ClCompile>
    <ClCompile Include="Source\Camera2.cpp">
      <Filter>Source Files\Camera</Filter>
    </ClCompile>
    <ClCompile Include="Source\Camera3.cpp">
      <Filter>Source Files\Camera</Filter>
    </ClCompile>
    <ClCompile Include="Source\SceneSplashScreen.cpp">
      <Filter>Source Files\Scenes</Filter>
    </ClCompile>
    <ClCompile Include="Source\Resources.cpp">
      <Filter>Source Files\GameObject\Items\Resources</Filter>
    </ClCompile>
    <ClCompile Include="Source\Weapon.cpp">
      <Filter>Source Files\GameObject\Items\Weapon</Filter>
    </ClCompile>
    <ClCompile Include="Source\ItemDataBase.cpp">
      <Filter>Source Files\GameObject\Items</Filter>
    </ClCompile>
    <ClCompile Include="Source\Item.cpp">
      <Filter>Source Files\GameObject\Items</Filter>
    </ClCompile>
    <ClCompile Include="Source\Adhesives.cpp">
      <Filter>Source Files\GameObject\Items\Resources\Loot</Filter>
    </ClCompile>
    <ClCompile Include="Source\CircuitBoards.cpp">
      <Filter>Source Files\GameObject\Items\Resources\Loot</Filter>
    </ClCompile>
    <ClCompile Include="Source\Cloth.cpp">
      <Filter>Source Files\GameObject\Items\Resources\Loot</Filter>
    </ClCompile>
    <ClCompile Include="Source\MetalScraps.cpp">
      <Filter>Source Files\GameObject\Items\Resources\Loot</Filter>
    </ClCompile>
    <ClCompile Include="Source\Copper.cpp">
      <Filter>Source Files\GameObject\Items\Resources\Mining</Filter>
    </ClCompile>
    <ClCompile Include="Source\Gold.cpp">
      <Filter>Source Files\GameObject\Items\Resources\Mining</Filter>
    </ClCompile>
    <ClCompile Include="Source\Iron.cpp">
      <Filter>Source Files\GameObject\Items\Resources\Mining</Filter>
    </ClCompile>
    <ClCompile Include="Source\Stone.cpp">
      <Filter>Source Files\GameObject\Items\Resources\Mining</Filter>
    </ClCompile>
    <ClCompile Include="Source\Biomass.cpp">
      <Filter>Source Files\GameObject\Items\Resources\Nature</Filter>
    </ClCompile>
    <ClCompile Include="Source\Water.cpp">
      <Filter>Source Files\GameObject\Items\Resources\Nature</Filter>
    </ClCompile>
    <ClCompile Include="Source\Wood.cpp">
      <Filter>Source Files\GameObject\Items\Resources\Nature</Filter>
    </ClCompile>
    <ClCompile Include="Source\Kitchen_Knife.cpp">
      <Filter>Source Files\GameObject\Items\Weapon\Melee</Filter>
    </ClCompile>
    <ClCompile Include="Source\Katana_Sword.cpp">
      <Filter>Source Files\GameObject\Items\Weapon\Melee</Filter>
    </ClCompile>
    <ClCompile Include="Source\Farming_Hoe.cpp">
      <Filter>Source Files\GameObject\Items\Weapon\Melee</Filter>
    </ClCompile>
    <ClCompile Include="Source\Glock_17C.cpp">
      <Filter>Source Files\GameObject\Items\Weapon\Firearms</Filter>
    </ClCompile>
    <ClCompile Include="Source\Scar-H.cpp">
      <Filter>Source Files\GameObject\Items\Weapon\Firearms</Filter>
    </ClCompile>
    <ClCompile Include="Source\M200_CheyTac_Intervention.cpp">
      <Filter>Source Files\GameObject\Items\Weapon\Firearms</Filter>
    </ClCompile>
    <ClCompile Include="Source\Compound_Bow.cpp">
      <Filter>Source Files\GameObject\Items\Weapon\Firearms</Filter>
    </ClCompile>
    <ClCompile Include="Source\Bread.cpp">
      <Filter>Source Files\GameObject\Items\Food\Craftables</Filter>
    </ClCompile>
    <ClCompile Include="Source\CarrotJuice.cpp">
      <Filter>Source Files\GameObject\Items\Food\Craftables</Filter>
    </ClCompile>
    <ClCompile Include="Source\DrinkingWater.cpp">
      <Filter>Source Files\GameObject\Items\Food\Craftables</Filter>
    </ClCompile>
    <ClCompile Include="Source\Salad.cpp">
      <Filter>Source Files\GameObject\Items\Food\Craftables</Filter>
    </ClCompile>
    <ClCompile Include="Source\VegetableStew.cpp">
      <Filter>Source Files\GameObject\Items\Food\Craftables</Filter>
    </ClCompile>
    <ClCompile Include="Source\Cabbage.cpp">
      <Filter>Source Files\GameObject\Items\Food\Farmables</Filter>
    </ClCompile>
    <ClCompile Include="Source\Carrot.cpp">
      <Filter>Source Files\GameObject\Items\Food\Farmables</Filter>
    </ClCompile>
    <ClCompile Include="Source\Potato.cpp">
      <Filter>Source Files\GameObject\Items\Food\Farmables</Filter>
    </ClCompile>
    <ClCompile Include="Source\Wheat.cpp">
      <Filter>Source Files\GameObject\Items\Food\Farmables</Filter>
    </ClCompile>
    <ClCompile Include="Source\GameObject.cpp">
      <Filter>Source Files\GameObject</Filter>
    </ClCompile>
    <ClCompile Include="Source\Player.cpp">
      <Filter>Source Files\GameObject\Player</Filter>
    </ClCompile>
    <ClCompile Include="Source\Food.cpp">
      <Filter>Source Files\GameObject\Items\Food</Filter>
    </ClCompile>
    <ClCompile Include="Source\Food.cpp">
      <Filter>Source Files</Filter>
    </ClCompile>
    <ClCompile Include="Source\Enemy.cpp">
      <Filter>Source Files\GameObject\Enemy</Filter>
    </ClCompile>
    <ClCompile Include="Source\Acrid_Plant.cpp">
      <Filter>Source Files\GameObject\Enemy\Bosses</Filter>
    </ClCompile>
    <ClCompile Include="Source\Ant_Hill.cpp">
      <Filter>Source Files\GameObject\Enemy\Bosses</Filter>
    </ClCompile>
    <ClCompile Include="Source\Centipede.cpp">
      <Filter>Source Files\GameObject\Enemy\Bosses</Filter>
    </ClCompile>
    <ClCompile Include="Source\Scarecrow_Mech.cpp">
      <Filter>Source Files\GameObject\Enemy\Bosses</Filter>
    </ClCompile>
    <ClCompile Include="Source\CybordMutt.cpp">
      <Filter>Source Files\GameObject\Enemy\Base</Filter>
    </ClCompile>
    <ClCompile Include="Source\Lizard.cpp">
      <Filter>Source Files\GameObject\Enemy\Base</Filter>
    </ClCompile>
    <ClCompile Include="Source\Molerat.cpp">
      <Filter>Source Files\GameObject\Enemy\Base</Filter>
    </ClCompile>
    <ClCompile Include="Source\Deer.cpp">
      <Filter>Source Files\GameObject\Enemy\Forest</Filter>
    </ClCompile>
    <ClCompile Include="Source\Wildboar.cpp">
      <Filter>Source Files\GameObject\Enemy\Forest</Filter>
    </ClCompile>
    <ClCompile Include="Source\Drone.cpp">
      <Filter>Source Files\GameObject\Enemy\City</Filter>
    </ClCompile>
    <ClCompile Include="Source\PatrolBot.cpp">
      <Filter>Source Files\GameObject\Enemy\City</Filter>
    </ClCompile>
    <ClCompile Include="Source\RogueMech.cpp">
      <Filter>Source Files\GameObject\Enemy\City</Filter>
    </ClCompile>
    <ClCompile Include="Source\Goat.cpp">
      <Filter>Source Files\GameObject\Enemy\Forest</Filter>
    </ClCompile>
    <ClCompile Include="Source\Renderer.cpp">
      <Filter>Source Files\Framework</Filter>
    </ClCompile>
    <ClCompile Include="Source\Lighting.cpp">
      <Filter>Source Files\Framework</Filter>
    </ClCompile>
    <ClCompile Include="Source\Ability.cpp">
      <Filter>Source Files\GameObject\Abilitiy</Filter>
    </ClCompile>
    <ClCompile Include="Source\Burrowing.cpp">
      <Filter>Source Files\GameObject\Abilitiy</Filter>
    </ClCompile>
    <ClCompile Include="Source\Corrosive.cpp">
      <Filter>Source Files\GameObject\Abilitiy</Filter>
    </ClCompile>
    <ClCompile Include="Source\Teleporting.cpp">
      <Filter>Source Files\GameObject\Abilitiy</Filter>
    </ClCompile>
    <ClCompile Include="Source\Radioactive.cpp">
      <Filter>Source Files\GameObject\Abilitiy</Filter>
    </ClCompile>
    <ClCompile Include="Source\Barn.cpp">
      <Filter>Source Files\GameObject\Buildings</Filter>
    </ClCompile>
    <ClCompile Include="Source\Building.cpp">
      <Filter>Source Files\GameObject\Buildings</Filter>
    </ClCompile>
    <ClCompile Include="Source\Crafting.cpp">
      <Filter>Source Files\GameObject\Buildings</Filter>
    </ClCompile>
    <ClCompile Include="Source\DefenceTower.cpp">
      <Filter>Source Files\GameObject\Buildings</Filter>
    </ClCompile>
    <ClCompile Include="Source\DefensiveWalls.cpp">
      <Filter>Source Files\GameObject\Buildings</Filter>
    </ClCompile>
    <ClCompile Include="Source\FastTravelRoom.cpp">
      <Filter>Source Files\GameObject\Buildings</Filter>
    </ClCompile>
    <ClCompile Include="Source\InventoryWarehouse.cpp">
      <Filter>Source Files\GameObject\Buildings</Filter>
    </ClCompile>
    <ClCompile Include="Source\NPCHouse.cpp">
      <Filter>Source Files\GameObject\Buildings</Filter>
    </ClCompile>
    <ClCompile Include="Source\OreMines.cpp">
      <Filter>Source Files\GameObject\Buildings</Filter>
    </ClCompile>
    <ClCompile Include="Source\PowerGenerator.cpp">
      <Filter>Source Files\GameObject\Buildings</Filter>
    </ClCompile>
    <ClCompile Include="Source\TilledSoil.cpp">
      <Filter>Source Files\GameObject\Buildings</Filter>
    </ClCompile>
    <ClCompile Include="Source\TrophyRoom.cpp">
      <Filter>Source Files\GameObject\Buildings</Filter>
    </ClCompile>
    <ClCompile Include="Source\WaterWell.cpp">
      <Filter>Source Files\GameObject\Buildings</Filter>
    </ClCompile>
    <ClCompile Include="Source\EnemyFactory.cpp">
      <Filter>Source Files\Factory</Filter>
    </ClCompile>
    <ClCompile Include="Source\ItemFactory.cpp">
      <Filter>Source Files\Factory</Filter>
    </ClCompile>
    <ClCompile Include="Source\AbilityDataBase.cpp">
      <Filter>Source Files</Filter>
    </ClCompile>
    <ClCompile Include="Source\BuildingDataBase.cpp">
      <Filter>Source Files</Filter>
    </ClCompile>
    <ClCompile Include="Source\BuildingFactory.cpp">
      <Filter>Source Files</Filter>
    </ClCompile>
    <ClCompile Include="Source\SceneTest.cpp">
      <Filter>Source Files\Scenes</Filter>
    </ClCompile>
    <ClCompile Include="Source\Inventory.cpp">
      <Filter>Source Files</Filter>
    </ClCompile>
    <ClCompile Include="Source\Collision.cpp">
      <Filter>Source Files</Filter>
    </ClCompile>
    <ClCompile Include="Source\SceneBase.cpp">
      <Filter>Source Files\Scenes</Filter>
    </ClCompile>
    <ClCompile Include="Source\SceneMainMenu.cpp">
      <Filter>Source Files\Scenes</Filter>
    </ClCompile>
    <ClCompile Include="Source\SceneCity.cpp">
      <Filter>Source Files\Scenes</Filter>
    </ClCompile>
    <ClCompile Include="Source\SceneWildLife.cpp">
      <Filter>Source Files\Scenes</Filter>
    </ClCompile>
    <ClCompile Include="Source\EnemyDataBase.cpp">
      <Filter>Source Files\GameObject\Enemy</Filter>
    </ClCompile>
    <ClCompile Include="Source\Camera4.cpp">
      <Filter>Source Files</Filter>
    </ClCompile>
    <ClCompile Include="Source\LoadATOM.cpp">
      <Filter>Source Files</Filter>
    </ClCompile>
    <ClCompile Include="Source\Menu.cpp">
      <Filter>Source Files</Filter>
    </ClCompile>
    <ClCompile Include="Source\Projectile.cpp">
      <Filter>Source Files</Filter>
    </ClCompile>
    <ClCompile Include="Source\SaveLoad.cpp">
      <Filter>Source Files</Filter>
    </ClCompile>
    <ClCompile Include="Source\Tree.cpp">
      <Filter>Source Files</Filter>
    </ClCompile>
    <ClCompile Include="Source\SceneLoading.cpp">
      <Filter>Source Files\Scenes</Filter>
    </ClCompile>
  </ItemGroup>
  <ItemGroup>
    <ClInclude Include="Source\Application.h">
      <Filter>Header Files\Framework</Filter>
    </ClInclude>
    <ClInclude Include="Source\SceneManager.h">
      <Filter>Header Files\Framework</Filter>
    </ClInclude>
    <ClInclude Include="Source\Vertex.h">
      <Filter>Header Files\Framework\Rendering and  Lighting</Filter>
    </ClInclude>
    <ClInclude Include="Source\Mesh.h">
      <Filter>Header Files\Framework\Rendering and  Lighting</Filter>
    </ClInclude>
    <ClInclude Include="Source\shader.hpp">
      <Filter>Header Files\Framework\Rendering and  Lighting</Filter>
    </ClInclude>
    <ClInclude Include="Source\Utility.h">
      <Filter>Header Files\Framework\Rendering and  Lighting</Filter>
    </ClInclude>
    <ClInclude Include="Source\Scene.h">
      <Filter>Header Files\Framework</Filter>
    </ClInclude>
    <ClInclude Include="Source\Material.h">
      <Filter>Header Files\Framework\Rendering and  Lighting</Filter>
    </ClInclude>
    <ClInclude Include="Source\Light.h">
      <Filter>Header Files\Framework\Rendering and  Lighting</Filter>
    </ClInclude>
    <ClInclude Include="Source\LoadTGA.h">
      <Filter>Header Files\Framework\Rendering and  Lighting</Filter>
    </ClInclude>
    <ClInclude Include="Source\LoadOBJ.h">
      <Filter>Header Files\Framework\Rendering and  Lighting</Filter>
    </ClInclude>
    <ClInclude Include="Source\MeshBuilder.h">
      <Filter>Header Files\Framework\Rendering and  Lighting</Filter>
    </ClInclude>
    <ClInclude Include="Source\Camera3.h">
      <Filter>Header Files\Camera</Filter>
    </ClInclude>
    <ClInclude Include="Source\Camera.h">
      <Filter>Header Files\Camera</Filter>
    </ClInclude>
    <ClInclude Include="Source\Camera2.h">
      <Filter>Header Files\Camera</Filter>
    </ClInclude>
    <ClInclude Include="Source\SceneSplashScreen.h">
      <Filter>Header Files\Scenes</Filter>
    </ClInclude>
    <ClInclude Include="Source\Food.h">
      <Filter>Header Files\GameObject\Items\Food</Filter>
    </ClInclude>
    <ClInclude Include="Source\Weapon.h">
      <Filter>Header Files\GameObject\Items\Weapons</Filter>
    </ClInclude>
    <ClInclude Include="Source\Resources.h">
      <Filter>Header Files\GameObject\Items\Resources</Filter>
    </ClInclude>
    <ClInclude Include="Source\Item.h">
      <Filter>Header Files\GameObject\Items</Filter>
    </ClInclude>
    <ClInclude Include="Source\ItemDataBase.h">
      <Filter>Header Files\GameObject\Items</Filter>
    </ClInclude>
    <ClInclude Include="Source\Adhesives.h">
      <Filter>Header Files\GameObject\Items\Resources\Loot</Filter>
    </ClInclude>
    <ClInclude Include="Source\CircuitBoards.h">
      <Filter>Header Files\GameObject\Items\Resources\Loot</Filter>
    </ClInclude>
    <ClInclude Include="Source\Cloth.h">
      <Filter>Header Files\GameObject\Items\Resources\Loot</Filter>
    </ClInclude>
    <ClInclude Include="Source\MetalScraps.h">
      <Filter>Header Files\GameObject\Items\Resources\Loot</Filter>
    </ClInclude>
    <ClInclude Include="Source\Copper.h">
      <Filter>Header Files\GameObject\Items\Resources\Mining</Filter>
    </ClInclude>
    <ClInclude Include="Source\Gold.h">
      <Filter>Header Files\GameObject\Items\Resources\Mining</Filter>
    </ClInclude>
    <ClInclude Include="Source\Iron.h">
      <Filter>Header Files\GameObject\Items\Resources\Mining</Filter>
    </ClInclude>
    <ClInclude Include="Source\Stone.h">
      <Filter>Header Files\GameObject\Items\Resources\Mining</Filter>
    </ClInclude>
    <ClInclude Include="Source\Biomass.h">
      <Filter>Header Files\GameObject\Items\Resources\Nature</Filter>
    </ClInclude>
    <ClInclude Include="Source\Water.h">
      <Filter>Header Files\GameObject\Items\Resources\Nature</Filter>
    </ClInclude>
    <ClInclude Include="Source\Wood.h">
      <Filter>Header Files\GameObject\Items\Resources\Nature</Filter>
    </ClInclude>
    <ClInclude Include="Source\Kitchen_Knife.h">
      <Filter>Header Files\GameObject\Items\Weapons\Melee</Filter>
    </ClInclude>
    <ClInclude Include="Source\Katana_Sword.h">
      <Filter>Header Files\GameObject\Items\Weapons\Melee</Filter>
    </ClInclude>
    <ClInclude Include="Source\Farming_Hoe.h">
      <Filter>Header Files\GameObject\Items\Weapons\Melee</Filter>
    </ClInclude>
    <ClInclude Include="Source\Glock_17C.h">
      <Filter>Header Files\GameObject\Items\Weapons\Firearms</Filter>
    </ClInclude>
    <ClInclude Include="Source\Scar-H.h">
      <Filter>Header Files\GameObject\Items\Weapons\Firearms</Filter>
    </ClInclude>
    <ClInclude Include="Source\M200_CheyTac_Intervention.h">
      <Filter>Header Files\GameObject\Items\Weapons\Firearms</Filter>
    </ClInclude>
    <ClInclude Include="Source\Compound_Bow.h">
      <Filter>Header Files\GameObject\Items\Weapons\Firearms</Filter>
    </ClInclude>
    <ClInclude Include="Source\Cabbage.h">
      <Filter>Header Files\GameObject\Items\Food\Farmables</Filter>
    </ClInclude>
    <ClInclude Include="Source\Carrot.h">
      <Filter>Header Files\GameObject\Items\Food\Farmables</Filter>
    </ClInclude>
    <ClInclude Include="Source\Potato.h">
      <Filter>Header Files\GameObject\Items\Food\Farmables</Filter>
    </ClInclude>
    <ClInclude Include="Source\Wheat.h">
      <Filter>Header Files\GameObject\Items\Food\Farmables</Filter>
    </ClInclude>
    <ClInclude Include="Source\Bread.h">
      <Filter>Header Files\GameObject\Items\Food\Craftables</Filter>
    </ClInclude>
    <ClInclude Include="Source\CarrotJuice.h">
      <Filter>Header Files\GameObject\Items\Food\Craftables</Filter>
    </ClInclude>
    <ClInclude Include="Source\DrinkingWater.h">
      <Filter>Header Files\GameObject\Items\Food\Craftables</Filter>
    </ClInclude>
    <ClInclude Include="Source\Salad.h">
      <Filter>Header Files\GameObject\Items\Food\Craftables</Filter>
    </ClInclude>
    <ClInclude Include="Source\VegetableStew.h">
      <Filter>Header Files\GameObject\Items\Food\Craftables</Filter>
    </ClInclude>
    <ClInclude Include="Source\GameObject.h">
      <Filter>Header Files\GameObject</Filter>
    </ClInclude>
    <ClInclude Include="Source\Player.h">
      <Filter>Header Files\GameObject\Player</Filter>
    </ClInclude>
    <ClInclude Include="Source\Enemy.h">
      <Filter>Header Files\GameObject\Enemy</Filter>
    </ClInclude>
    <ClInclude Include="Source\Acrid_Plant.h">
      <Filter>Header Files\GameObject\Enemy\Bosses</Filter>
    </ClInclude>
    <ClInclude Include="Source\Centipede.h">
      <Filter>Header Files\GameObject\Enemy\Bosses</Filter>
    </ClInclude>
    <ClInclude Include="Source\Ant_Hill.h">
      <Filter>Header Files\GameObject\Enemy\Bosses</Filter>
    </ClInclude>
    <ClInclude Include="Source\Scarecrow_Mech.h">
      <Filter>Header Files\GameObject\Enemy\Bosses</Filter>
    </ClInclude>
    <ClInclude Include="Source\RogueMech.h">
      <Filter>Header Files\GameObject\Enemy\City</Filter>
    </ClInclude>
    <ClInclude Include="Source\CyborgMutt.h">
      <Filter>Header Files\GameObject\Enemy\Base</Filter>
    </ClInclude>
    <ClInclude Include="Source\Molerat.h">
      <Filter>Header Files\GameObject\Enemy\Base</Filter>
    </ClInclude>
    <ClInclude Include="Source\PatrolBot.h">
      <Filter>Header Files\GameObject\Enemy\City</Filter>
    </ClInclude>
    <ClInclude Include="Source\Deer.h">
      <Filter>Header Files\GameObject\Enemy\Forest</Filter>
    </ClInclude>
    <ClInclude Include="Source\Wildboar.h">
      <Filter>Header Files\GameObject\Enemy\Forest</Filter>
    </ClInclude>
    <ClInclude Include="Source\Drone.h">
      <Filter>Header Files\GameObject\Enemy\City</Filter>
    </ClInclude>
    <ClInclude Include="Source\Ability.h">
      <Filter>Header Files\GameObject\Ability</Filter>
    </ClInclude>
    <ClInclude Include="Source\Burrowing.h">
      <Filter>Header Files\GameObject\Ability</Filter>
    </ClInclude>
    <ClInclude Include="Source\Corrosive.h">
      <Filter>Header Files\GameObject\Ability</Filter>
    </ClInclude>
    <ClInclude Include="Source\Radioactive.h">
      <Filter>Header Files\GameObject\Ability</Filter>
    </ClInclude>
    <ClInclude Include="Source\Teleporting.h">
      <Filter>Header Files\GameObject\Ability</Filter>
    </ClInclude>
    <ClInclude Include="Source\Barn.h">
      <Filter>Header Files\GameObject\Buildings</Filter>
    </ClInclude>
    <ClInclude Include="Source\Building.h">
      <Filter>Header Files\GameObject\Buildings</Filter>
    </ClInclude>
    <ClInclude Include="Source\Crafting.h">
      <Filter>Header Files\GameObject\Buildings</Filter>
    </ClInclude>
    <ClInclude Include="Source\DefenceTower.h">
      <Filter>Header Files\GameObject\Buildings</Filter>
    </ClInclude>
    <ClInclude Include="Source\DefensiveWalls.h">
      <Filter>Header Files\GameObject\Buildings</Filter>
    </ClInclude>
    <ClInclude Include="Source\FastTravelRoom.h">
      <Filter>Header Files\GameObject\Buildings</Filter>
    </ClInclude>
    <ClInclude Include="Source\InventoryWarehouse.h">
      <Filter>Header Files\GameObject\Buildings</Filter>
    </ClInclude>
    <ClInclude Include="Source\NPCHouse.h">
      <Filter>Header Files\GameObject\Buildings</Filter>
    </ClInclude>
    <ClInclude Include="Source\OreMines.h">
      <Filter>Header Files\GameObject\Buildings</Filter>
    </ClInclude>
    <ClInclude Include="Source\PowerGenerator.h">
      <Filter>Header Files\GameObject\Buildings</Filter>
    </ClInclude>
    <ClInclude Include="Source\TilledSoil.h">
      <Filter>Header Files\GameObject\Buildings</Filter>
    </ClInclude>
    <ClInclude Include="Source\TrophyRoom.h">
      <Filter>Header Files\GameObject\Buildings</Filter>
    </ClInclude>
    <ClInclude Include="Source\WaterWell.h">
      <Filter>Header Files\GameObject\Buildings</Filter>
    </ClInclude>
    <ClInclude Include="Source\EnemyDataBase.h">
      <Filter>Header Files\GameObject\Enemy</Filter>
    </ClInclude>
    <ClInclude Include="Source\EnemyFactory.h">
      <Filter>Header Files\Factory</Filter>
    </ClInclude>
    <ClInclude Include="Source\ItemFactory.h">
      <Filter>Header Files\Factory</Filter>
    </ClInclude>
    <ClInclude Include="Source\Lighting.h">
      <Filter>Header Files\Framework</Filter>
    </ClInclude>
    <ClInclude Include="Source\Renderer.h">
      <Filter>Header Files\Framework</Filter>
    </ClInclude>
    <ClInclude Include="Source\SceneBase.h">
      <Filter>Header Files\Scenes</Filter>
    </ClInclude>
    <ClInclude Include="Source\AbilityDataBase.h">
      <Filter>Header Files</Filter>
    </ClInclude>
    <ClInclude Include="Source\BuildingFactory.h">
      <Filter>Header Files</Filter>
    </ClInclude>
    <ClInclude Include="Source\Inventory.h">
      <Filter>Header Files</Filter>
    </ClInclude>
    <ClInclude Include="Source\Collision.h">
      <Filter>Header Files</Filter>
    </ClInclude>
    <ClInclude Include="Source\Goat.h">
      <Filter>Header Files\GameObject\Enemy\Forest</Filter>
    </ClInclude>
    <ClInclude Include="Source\Lizard.h">
      <Filter>Header Files\GameObject\Enemy\Base</Filter>
    </ClInclude>
    <ClInclude Include="Source\SceneMainMenu.h">
      <Filter>Header Files\Scenes</Filter>
    </ClInclude>
    <ClInclude Include="Source\SceneCity.h">
      <Filter>Header Files\Scenes</Filter>
    </ClInclude>
    <ClInclude Include="Source\Scenetest.h">
      <Filter>Header Files\Scenes</Filter>
    </ClInclude>
    <ClInclude Include="Source\SceneWildLife.h">
      <Filter>Header Files\Scenes</Filter>
    </ClInclude>
    <ClInclude Include="Source\BuildingDataBase.h">
      <Filter>Header Files</Filter>
    </ClInclude>
    <ClInclude Include="Source\Camera4.h">
      <Filter>Header Files</Filter>
    </ClInclude>
    <ClInclude Include="Source\LoadATOM.h">
      <Filter>Header Files</Filter>
    </ClInclude>
    <ClInclude Include="Source\Menu.h">
      <Filter>Header Files</Filter>
    </ClInclude>
    <ClInclude Include="Source\Projectile.h">
      <Filter>Header Files</Filter>
    </ClInclude>
    <ClInclude Include="Source\SaveLoad.h">
      <Filter>Header Files</Filter>
    </ClInclude>
    <ClInclude Include="Source\Randomizer.h">
      <Filter>Header Files</Filter>
    </ClInclude>
    <ClInclude Include="Source\Tree.h">
      <Filter>Header Files</Filter>
    </ClInclude>
    <ClInclude Include="Source\SceneLoading.h">
      <Filter>Header Files\Scenes</Filter>
    </ClInclude>
  </ItemGroup>
</Project>